// !$*UTF8*$!
{
	archiveVersion = 1;
	classes = {
	};
	objectVersion = 46;
	objects = {

/* Begin PBXBuildFile section */
		FC6C120415AF23F6003BA727 /* UIKit.framework in Frameworks */ = {isa = PBXBuildFile; fileRef = FC6C120315AF23F6003BA727 /* UIKit.framework */; };
		FC6C120615AF23F6003BA727 /* Foundation.framework in Frameworks */ = {isa = PBXBuildFile; fileRef = FC6C120515AF23F6003BA727 /* Foundation.framework */; };
		FC6C120815AF23F6003BA727 /* CoreGraphics.framework in Frameworks */ = {isa = PBXBuildFile; fileRef = FC6C120715AF23F6003BA727 /* CoreGraphics.framework */; };
		FC6C120E15AF23F6003BA727 /* InfoPlist.strings in Resources */ = {isa = PBXBuildFile; fileRef = FC6C120C15AF23F6003BA727 /* InfoPlist.strings */; };
		FC6C121015AF23F6003BA727 /* main.m in Sources */ = {isa = PBXBuildFile; fileRef = FC6C120F15AF23F6003BA727 /* main.m */; };
		FC6C121415AF23F6003BA727 /* AppDelegate.m in Sources */ = {isa = PBXBuildFile; fileRef = FC6C121315AF23F6003BA727 /* AppDelegate.m */; };
/* End PBXBuildFile section */

/* Begin PBXFileReference section */
		FC6C11FF15AF23F6003BA727 /* health.app */ = {isa = PBXFileReference; explicitFileType = wrapper.application; includeInIndex = 0; path = health.app; sourceTree = BUILT_PRODUCTS_DIR; };
		FC6C120315AF23F6003BA727 /* UIKit.framework */ = {isa = PBXFileReference; lastKnownFileType = wrapper.framework; name = UIKit.framework; path = System/Library/Frameworks/UIKit.framework; sourceTree = SDKROOT; };
		FC6C120515AF23F6003BA727 /* Foundation.framework */ = {isa = PBXFileReference; lastKnownFileType = wrapper.framework; name = Foundation.framework; path = System/Library/Frameworks/Foundation.framework; sourceTree = SDKROOT; };
		FC6C120715AF23F6003BA727 /* CoreGraphics.framework */ = {isa = PBXFileReference; lastKnownFileType = wrapper.framework; name = CoreGraphics.framework; path = System/Library/Frameworks/CoreGraphics.framework; sourceTree = SDKROOT; };
		FC6C120B15AF23F6003BA727 /* health-Info.plist */ = {isa = PBXFileReference; lastKnownFileType = text.plist.xml; path = "health-Info.plist"; sourceTree = "<group>"; };
		FC6C120D15AF23F6003BA727 /* en */ = {isa = PBXFileReference; lastKnownFileType = text.plist.strings; name = en; path = en.lproj/InfoPlist.strings; sourceTree = "<group>"; };
		FC6C120F15AF23F6003BA727 /* main.m */ = {isa = PBXFileReference; lastKnownFileType = sourcecode.c.objc; path = main.m; sourceTree = "<group>"; };
		FC6C121115AF23F6003BA727 /* health-Prefix.pch */ = {isa = PBXFileReference; lastKnownFileType = sourcecode.c.h; path = "health-Prefix.pch"; sourceTree = "<group>"; };
		FC6C121215AF23F6003BA727 /* AppDelegate.h */ = {isa = PBXFileReference; lastKnownFileType = sourcecode.c.h; name = AppDelegate.h; path = health/AppDelegate.h; sourceTree = "<group>"; };
		FC6C121315AF23F6003BA727 /* AppDelegate.m */ = {isa = PBXFileReference; lastKnownFileType = sourcecode.c.objc; name = AppDelegate.m; path = health/AppDelegate.m; sourceTree = "<group>"; };
/* End PBXFileReference section */

/* Begin PBXFrameworksBuildPhase section */
		FC6C11FC15AF23F6003BA727 /* Frameworks */ = {
			isa = PBXFrameworksBuildPhase;
			buildActionMask = 2147483647;
			files = (
				FC6C120415AF23F6003BA727 /* UIKit.framework in Frameworks */,
				FC6C120615AF23F6003BA727 /* Foundation.framework in Frameworks */,
				FC6C120815AF23F6003BA727 /* CoreGraphics.framework in Frameworks */,
			);
			runOnlyForDeploymentPostprocessing = 0;
		};
/* End PBXFrameworksBuildPhase section */

/* Begin PBXGroup section */
		FC6C11F415AF23F6003BA727 = {
			isa = PBXGroup;
			children = (
				FC6C125F15AF25E9003BA727 /* Classes */,
				FC6C120215AF23F6003BA727 /* Frameworks */,
				FC6C126115AF2638003BA727 /* Other Sources */,
				FC6C120015AF23F6003BA727 /* Products */,
				FC6C126015AF25E9003BA727 /* Resources */,
			);
			sourceTree = "<group>";
		};
		FC6C120015AF23F6003BA727 /* Products */ = {
			isa = PBXGroup;
			children = (
				FC6C11FF15AF23F6003BA727 /* health.app */,
			);
			name = Products;
			sourceTree = "<group>";
		};
		FC6C120215AF23F6003BA727 /* Frameworks */ = {
			isa = PBXGroup;
			children = (
				FC6C120315AF23F6003BA727 /* UIKit.framework */,
				FC6C120515AF23F6003BA727 /* Foundation.framework */,
				FC6C120715AF23F6003BA727 /* CoreGraphics.framework */,
			);
			name = Frameworks;
			sourceTree = "<group>";
		};
		FC6C120915AF23F6003BA727 /* ViewControllers */ = {
			isa = PBXGroup;
			children = (
			);
			name = ViewControllers;
			path = ../health;
			sourceTree = "<group>";
		};
		FC6C120A15AF23F6003BA727 /* Supporting Files */ = {
			isa = PBXGroup;
			children = (
				FC6C120B15AF23F6003BA727 /* health-Info.plist */,
				FC6C120C15AF23F6003BA727 /* InfoPlist.strings */,
				FC6C120F15AF23F6003BA727 /* main.m */,
				FC6C121115AF23F6003BA727 /* health-Prefix.pch */,
			);
			name = "Supporting Files";
			path = health;
			sourceTree = "<group>";
		};
		FC6C121A15AF2536003BA727 /* Views */ = {
			isa = PBXGroup;
			children = (
			);
			name = Views;
			path = ..;
			sourceTree = "<group>";
		};
		FC6C121B15AF253B003BA727 /* Model */ = {
			isa = PBXGroup;
			children = (
			);
			name = Model;
			path = ..;
			sourceTree = "<group>";
		};
		FC6C125F15AF25E9003BA727 /* Classes */ = {
			isa = PBXGroup;
			children = (
				FC6C120915AF23F6003BA727 /* ViewControllers */,
				FC6C121A15AF2536003BA727 /* Views */,
				FC6C121B15AF253B003BA727 /* Model */,
			);
			path = Classes;
			sourceTree = "<group>";
		};
		FC6C126015AF25E9003BA727 /* Resources */ = {
			isa = PBXGroup;
			children = (
			);
			path = Resources;
			sourceTree = "<group>";
		};
		FC6C126115AF2638003BA727 /* Other Sources */ = {
			isa = PBXGroup;
			children = (
				FC6C120A15AF23F6003BA727 /* Supporting Files */,
				FC6C121215AF23F6003BA727 /* AppDelegate.h */,
				FC6C121315AF23F6003BA727 /* AppDelegate.m */,
			);
			name = "Other Sources";
			sourceTree = "<group>";
		};
/* End PBXGroup section */

/* Begin PBXNativeTarget section */
		FC6C11FE15AF23F6003BA727 /* health */ = {
			isa = PBXNativeTarget;
			buildConfigurationList = FC6C121715AF23F6003BA727 /* Build configuration list for PBXNativeTarget "health" */;
			buildPhases = (
				FC6C11FB15AF23F6003BA727 /* Sources */,
				FC6C11FC15AF23F6003BA727 /* Frameworks */,
				FC6C11FD15AF23F6003BA727 /* Resources */,
			);
			buildRules = (
			);
			dependencies = (
			);
			name = health;
			productName = health;
			productReference = FC6C11FF15AF23F6003BA727 /* health.app */;
			productType = "com.apple.product-type.application";
		};
/* End PBXNativeTarget section */

/* Begin PBXProject section */
		FC6C11F615AF23F6003BA727 /* Project object */ = {
			isa = PBXProject;
			attributes = {
				LastUpgradeCheck = 0420;
			};
			buildConfigurationList = FC6C11F915AF23F6003BA727 /* Build configuration list for PBXProject "health" */;
			compatibilityVersion = "Xcode 3.2";
			developmentRegion = English;
			hasScannedForEncodings = 0;
			knownRegions = (
				en,
			);
			mainGroup = FC6C11F415AF23F6003BA727;
			productRefGroup = FC6C120015AF23F6003BA727 /* Products */;
			projectDirPath = "";
			projectRoot = "";
			targets = (
				FC6C11FE15AF23F6003BA727 /* health */,
			);
		};
/* End PBXProject section */

/* Begin PBXResourcesBuildPhase section */
		FC6C11FD15AF23F6003BA727 /* Resources */ = {
			isa = PBXResourcesBuildPhase;
			buildActionMask = 2147483647;
			files = (
				FC6C120E15AF23F6003BA727 /* InfoPlist.strings in Resources */,
			);
			runOnlyForDeploymentPostprocessing = 0;
		};
/* End PBXResourcesBuildPhase section */

/* Begin PBXSourcesBuildPhase section */
		FC6C11FB15AF23F6003BA727 /* Sources */ = {
			isa = PBXSourcesBuildPhase;
			buildActionMask = 2147483647;
			files = (
				FC6C121015AF23F6003BA727 /* main.m in Sources */,
				FC6C121415AF23F6003BA727 /* AppDelegate.m in Sources */,
			);
			runOnlyForDeploymentPostprocessing = 0;
		};
/* End PBXSourcesBuildPhase section */

/* Begin PBXVariantGroup section */
		FC6C120C15AF23F6003BA727 /* InfoPlist.strings */ = {
			isa = PBXVariantGroup;
			children = (
				FC6C120D15AF23F6003BA727 /* en */,
			);
			name = InfoPlist.strings;
			sourceTree = "<group>";
		};
/* End PBXVariantGroup section */

/* Begin XCBuildConfiguration section */
		FC6C121515AF23F6003BA727 /* Debug */ = {
			isa = XCBuildConfiguration;
			buildSettings = {
				ALWAYS_SEARCH_USER_PATHS = NO;
				ARCHS = "$(ARCHS_STANDARD_32_BIT)";
				"CODE_SIGN_IDENTITY[sdk=iphoneos*]" = "iPhone Developer";
				COPY_PHASE_STRIP = NO;
				GCC_C_LANGUAGE_STANDARD = gnu99;
				GCC_DYNAMIC_NO_PIC = NO;
				GCC_OPTIMIZATION_LEVEL = 0;
				GCC_PREPROCESSOR_DEFINITIONS = (
					"DEBUG=1",
					"$(inherited)",
				);
				GCC_SYMBOLS_PRIVATE_EXTERN = NO;
				GCC_VERSION = com.apple.compilers.llvm.clang.1_0;
				GCC_WARN_ABOUT_MISSING_PROTOTYPES = YES;
				GCC_WARN_ABOUT_RETURN_TYPE = YES;
				GCC_WARN_UNUSED_VARIABLE = YES;
				IPHONEOS_DEPLOYMENT_TARGET = 5.0;
				SDKROOT = iphoneos;
			};
			name = Debug;
		};
		FC6C121615AF23F6003BA727 /* Release */ = {
			isa = XCBuildConfiguration;
			buildSettings = {
				ALWAYS_SEARCH_USER_PATHS = NO;
				ARCHS = "$(ARCHS_STANDARD_32_BIT)";
				"CODE_SIGN_IDENTITY[sdk=iphoneos*]" = "iPhone Developer";
				COPY_PHASE_STRIP = YES;
				GCC_C_LANGUAGE_STANDARD = gnu99;
				GCC_VERSION = com.apple.compilers.llvm.clang.1_0;
				GCC_WARN_ABOUT_MISSING_PROTOTYPES = YES;
				GCC_WARN_ABOUT_RETURN_TYPE = YES;
				GCC_WARN_UNUSED_VARIABLE = YES;
				IPHONEOS_DEPLOYMENT_TARGET = 5.0;
				OTHER_CFLAGS = "-DNS_BLOCK_ASSERTIONS=1";
				SDKROOT = iphoneos;
				VALIDATE_PRODUCT = YES;
			};
			name = Release;
		};
		FC6C121815AF23F6003BA727 /* Debug */ = {
			isa = XCBuildConfiguration;
			buildSettings = {
				GCC_PRECOMPILE_PREFIX_HEADER = YES;
				GCC_PREFIX_HEADER = "health/health-Prefix.pch";
				INFOPLIST_FILE = "health/health-Info.plist";
				PRODUCT_NAME = "$(TARGET_NAME)";
				WRAPPER_EXTENSION = app;
			};
			name = Debug;
		};
		FC6C121915AF23F6003BA727 /* Release */ = {
			isa = XCBuildConfiguration;
			buildSettings = {
				GCC_PRECOMPILE_PREFIX_HEADER = YES;
				GCC_PREFIX_HEADER = "health/health-Prefix.pch";
				INFOPLIST_FILE = "health/health-Info.plist";
				PRODUCT_NAME = "$(TARGET_NAME)";
				WRAPPER_EXTENSION = app;
			};
			name = Release;
		};
/* End XCBuildConfiguration section */

/* Begin XCConfigurationList section */
		FC6C11F915AF23F6003BA727 /* Build configuration list for PBXProject "health" */ = {
			isa = XCConfigurationList;
			buildConfigurations = (
				FC6C121515AF23F6003BA727 /* Debug */,
				FC6C121615AF23F6003BA727 /* Release */,
			);
			defaultConfigurationIsVisible = 0;
			defaultConfigurationName = Release;
		};
		FC6C121715AF23F6003BA727 /* Build configuration list for PBXNativeTarget "health" */ = {
			isa = XCConfigurationList;
			buildConfigurations = (
				FC6C121815AF23F6003BA727 /* Debug */,
				FC6C121915AF23F6003BA727 /* Release */,
			);
			defaultConfigurationIsVisible = 0;
		};
/* End XCConfigurationList section */
	};
	rootObject = FC6C11F615AF23F6003BA727 /* Project object */;
}
